<?xml version="1.0" encoding="UTF-8"?>
<CodeBlocks_project_file>
	<FileVersion major="1" minor="6"/>
	<Project>
		<Option title="ssdb"/>
		<Option makefile_is_custom="1"/>
		<Option compiler="gcc"/>
		<Option virtualFolders="CMake Files\;"/>
		<Build>
			<Target title="all">
				<Option working_dir="/home/a1/work/rocksdb_dev2/ssdb-1.9.2"/>
				<Option type="4"/>
				<MakeCommands>
					<Build command="/usr/bin/make -j4 -f &quot;/home/a1/work/rocksdb_dev2/ssdb-1.9.2/Makefile&quot;  VERBOSE=1 all"/>
					<CompileFile command="/usr/bin/make -j4 -f &quot;/home/a1/work/rocksdb_dev2/ssdb-1.9.2/Makefile&quot;  VERBOSE=1 &quot;$file&quot;"/>
					<Clean command="/usr/bin/make -j4 -f &quot;/home/a1/work/rocksdb_dev2/ssdb-1.9.2/Makefile&quot;  VERBOSE=1 clean"/>
					<DistClean command="/usr/bin/make -j4 -f &quot;/home/a1/work/rocksdb_dev2/ssdb-1.9.2/Makefile&quot;  VERBOSE=1 clean"/>
				</MakeCommands>
			</Target>
			<Target title="rebuild_cache">
				<Option working_dir="/home/a1/work/rocksdb_dev2/ssdb-1.9.2"/>
				<Option type="4"/>
				<MakeCommands>
					<Build command="/usr/bin/make -j4 -f &quot;/home/a1/work/rocksdb_dev2/ssdb-1.9.2/Makefile&quot;  VERBOSE=1 rebuild_cache"/>
					<CompileFile command="/usr/bin/make -j4 -f &quot;/home/a1/work/rocksdb_dev2/ssdb-1.9.2/Makefile&quot;  VERBOSE=1 &quot;$file&quot;"/>
					<Clean command="/usr/bin/make -j4 -f &quot;/home/a1/work/rocksdb_dev2/ssdb-1.9.2/Makefile&quot;  VERBOSE=1 clean"/>
					<DistClean command="/usr/bin/make -j4 -f &quot;/home/a1/work/rocksdb_dev2/ssdb-1.9.2/Makefile&quot;  VERBOSE=1 clean"/>
				</MakeCommands>
			</Target>
			<Target title="edit_cache">
				<Option working_dir="/home/a1/work/rocksdb_dev2/ssdb-1.9.2"/>
				<Option type="4"/>
				<MakeCommands>
					<Build command="/usr/bin/make -j4 -f &quot;/home/a1/work/rocksdb_dev2/ssdb-1.9.2/Makefile&quot;  VERBOSE=1 edit_cache"/>
					<CompileFile command="/usr/bin/make -j4 -f &quot;/home/a1/work/rocksdb_dev2/ssdb-1.9.2/Makefile&quot;  VERBOSE=1 &quot;$file&quot;"/>
					<Clean command="/usr/bin/make -j4 -f &quot;/home/a1/work/rocksdb_dev2/ssdb-1.9.2/Makefile&quot;  VERBOSE=1 clean"/>
					<DistClean command="/usr/bin/make -j4 -f &quot;/home/a1/work/rocksdb_dev2/ssdb-1.9.2/Makefile&quot;  VERBOSE=1 clean"/>
				</MakeCommands>
			</Target>
			<Target title="ssdb-server">
				<Option output="/home/a1/work/rocksdb_dev2/ssdb-1.9.2/ssdb-server" prefix_auto="0" extension_auto="0"/>
				<Option working_dir="/home/a1/work/rocksdb_dev2/ssdb-1.9.2"/>
				<Option object_output="./"/>
				<Option type="1"/>
				<Option compiler="gcc"/>
				<Compiler>
					<Add directory="/home/a1/work/rocksdb_dev2/ssdb-1.9.2/deps/jemalloc-4.1.0/include"/>
					<Add directory="/home/a1/work/rocksdb_dev2/ssdb-1.9.2/src"/>
					<Add directory="/home/a1/work/rocksdb_dev2/ssdb-1.9.2/src/client"/>
					<Add directory="/home/a1/work/rocksdb_dev2/ssdb-1.9.2/deps/rocksdb-4.11.2/include"/>
					<Add directory="/usr/include/c++/4.8"/>
					<Add directory="/usr/include/x86_64-linux-gnu/c++/4.8"/>
					<Add directory="/usr/include/c++/4.8/backward"/>
					<Add directory="/usr/lib/gcc/x86_64-linux-gnu/4.8/include"/>
					<Add directory="/usr/local/include"/>
					<Add directory="/usr/lib/gcc/x86_64-linux-gnu/4.8/include-fixed"/>
					<Add directory="/usr/include/x86_64-linux-gnu"/>
					<Add directory="/usr/include"/>
				</Compiler>
				<MakeCommands>
					<Build command="/usr/bin/make -j4 -f &quot;/home/a1/work/rocksdb_dev2/ssdb-1.9.2/Makefile&quot;  VERBOSE=1 ssdb-server"/>
					<CompileFile command="/usr/bin/make -j4 -f &quot;/home/a1/work/rocksdb_dev2/ssdb-1.9.2/Makefile&quot;  VERBOSE=1 &quot;$file&quot;"/>
					<Clean command="/usr/bin/make -j4 -f &quot;/home/a1/work/rocksdb_dev2/ssdb-1.9.2/Makefile&quot;  VERBOSE=1 clean"/>
					<DistClean command="/usr/bin/make -j4 -f &quot;/home/a1/work/rocksdb_dev2/ssdb-1.9.2/Makefile&quot;  VERBOSE=1 clean"/>
				</MakeCommands>
			</Target>
			<Target title="ssdb-server/fast">
				<Option output="/home/a1/work/rocksdb_dev2/ssdb-1.9.2/ssdb-server" prefix_auto="0" extension_auto="0"/>
				<Option working_dir="/home/a1/work/rocksdb_dev2/ssdb-1.9.2"/>
				<Option object_output="./"/>
				<Option type="1"/>
				<Option compiler="gcc"/>
				<Compiler>
					<Add directory="/home/a1/work/rocksdb_dev2/ssdb-1.9.2/deps/jemalloc-4.1.0/include"/>
					<Add directory="/home/a1/work/rocksdb_dev2/ssdb-1.9.2/src"/>
					<Add directory="/home/a1/work/rocksdb_dev2/ssdb-1.9.2/src/client"/>
					<Add directory="/home/a1/work/rocksdb_dev2/ssdb-1.9.2/deps/rocksdb-4.11.2/include"/>
					<Add directory="/usr/include/c++/4.8"/>
					<Add directory="/usr/include/x86_64-linux-gnu/c++/4.8"/>
					<Add directory="/usr/include/c++/4.8/backward"/>
					<Add directory="/usr/lib/gcc/x86_64-linux-gnu/4.8/include"/>
					<Add directory="/usr/local/include"/>
					<Add directory="/usr/lib/gcc/x86_64-linux-gnu/4.8/include-fixed"/>
					<Add directory="/usr/include/x86_64-linux-gnu"/>
					<Add directory="/usr/include"/>
				</Compiler>
				<MakeCommands>
					<Build command="/usr/bin/make -j4 -f &quot;/home/a1/work/rocksdb_dev2/ssdb-1.9.2/Makefile&quot;  VERBOSE=1 ssdb-server/fast"/>
					<CompileFile command="/usr/bin/make -j4 -f &quot;/home/a1/work/rocksdb_dev2/ssdb-1.9.2/Makefile&quot;  VERBOSE=1 &quot;$file&quot;"/>
					<Clean command="/usr/bin/make -j4 -f &quot;/home/a1/work/rocksdb_dev2/ssdb-1.9.2/Makefile&quot;  VERBOSE=1 clean"/>
					<DistClean command="/usr/bin/make -j4 -f &quot;/home/a1/work/rocksdb_dev2/ssdb-1.9.2/Makefile&quot;  VERBOSE=1 clean"/>
				</MakeCommands>
			</Target>
			<Target title="librdb-shared">
				<Option output="/home/a1/work/rocksdb_dev2/ssdb-1.9.2/librdb.so" prefix_auto="0" extension_auto="0"/>
				<Option working_dir="/home/a1/work/rocksdb_dev2/ssdb-1.9.2"/>
				<Option object_output="./"/>
				<Option type="3"/>
				<Option compiler="gcc"/>
				<Compiler>
					<Add directory="/home/a1/work/rocksdb_dev2/ssdb-1.9.2/deps/jemalloc-4.1.0/include"/>
					<Add directory="/home/a1/work/rocksdb_dev2/ssdb-1.9.2/src"/>
					<Add directory="/home/a1/work/rocksdb_dev2/ssdb-1.9.2/src/client"/>
					<Add directory="/home/a1/work/rocksdb_dev2/ssdb-1.9.2/deps/rocksdb-4.11.2/include"/>
					<Add directory="/usr/include/c++/4.8"/>
					<Add directory="/usr/include/x86_64-linux-gnu/c++/4.8"/>
					<Add directory="/usr/include/c++/4.8/backward"/>
					<Add directory="/usr/lib/gcc/x86_64-linux-gnu/4.8/include"/>
					<Add directory="/usr/local/include"/>
					<Add directory="/usr/lib/gcc/x86_64-linux-gnu/4.8/include-fixed"/>
					<Add directory="/usr/include/x86_64-linux-gnu"/>
					<Add directory="/usr/include"/>
				</Compiler>
				<MakeCommands>
					<Build command="/usr/bin/make -j4 -f &quot;/home/a1/work/rocksdb_dev2/ssdb-1.9.2/Makefile&quot;  VERBOSE=1 librdb-shared"/>
					<CompileFile command="/usr/bin/make -j4 -f &quot;/home/a1/work/rocksdb_dev2/ssdb-1.9.2/Makefile&quot;  VERBOSE=1 &quot;$file&quot;"/>
					<Clean command="/usr/bin/make -j4 -f &quot;/home/a1/work/rocksdb_dev2/ssdb-1.9.2/Makefile&quot;  VERBOSE=1 clean"/>
					<DistClean command="/usr/bin/make -j4 -f &quot;/home/a1/work/rocksdb_dev2/ssdb-1.9.2/Makefile&quot;  VERBOSE=1 clean"/>
				</MakeCommands>
			</Target>
			<Target title="librdb-shared/fast">
				<Option output="/home/a1/work/rocksdb_dev2/ssdb-1.9.2/librdb.so" prefix_auto="0" extension_auto="0"/>
				<Option working_dir="/home/a1/work/rocksdb_dev2/ssdb-1.9.2"/>
				<Option object_output="./"/>
				<Option type="3"/>
				<Option compiler="gcc"/>
				<Compiler>
					<Add directory="/home/a1/work/rocksdb_dev2/ssdb-1.9.2/deps/jemalloc-4.1.0/include"/>
					<Add directory="/home/a1/work/rocksdb_dev2/ssdb-1.9.2/src"/>
					<Add directory="/home/a1/work/rocksdb_dev2/ssdb-1.9.2/src/client"/>
					<Add directory="/home/a1/work/rocksdb_dev2/ssdb-1.9.2/deps/rocksdb-4.11.2/include"/>
					<Add directory="/usr/include/c++/4.8"/>
					<Add directory="/usr/include/x86_64-linux-gnu/c++/4.8"/>
					<Add directory="/usr/include/c++/4.8/backward"/>
					<Add directory="/usr/lib/gcc/x86_64-linux-gnu/4.8/include"/>
					<Add directory="/usr/local/include"/>
					<Add directory="/usr/lib/gcc/x86_64-linux-gnu/4.8/include-fixed"/>
					<Add directory="/usr/include/x86_64-linux-gnu"/>
					<Add directory="/usr/include"/>
				</Compiler>
				<MakeCommands>
					<Build command="/usr/bin/make -j4 -f &quot;/home/a1/work/rocksdb_dev2/ssdb-1.9.2/Makefile&quot;  VERBOSE=1 librdb-shared/fast"/>
					<CompileFile command="/usr/bin/make -j4 -f &quot;/home/a1/work/rocksdb_dev2/ssdb-1.9.2/Makefile&quot;  VERBOSE=1 &quot;$file&quot;"/>
					<Clean command="/usr/bin/make -j4 -f &quot;/home/a1/work/rocksdb_dev2/ssdb-1.9.2/Makefile&quot;  VERBOSE=1 clean"/>
					<DistClean command="/usr/bin/make -j4 -f &quot;/home/a1/work/rocksdb_dev2/ssdb-1.9.2/Makefile&quot;  VERBOSE=1 clean"/>
				</MakeCommands>
			</Target>
			<Target title="librdb-static">
				<Option output="/home/a1/work/rocksdb_dev2/ssdb-1.9.2/librdb.a" prefix_auto="0" extension_auto="0"/>
				<Option working_dir="/home/a1/work/rocksdb_dev2/ssdb-1.9.2"/>
				<Option object_output="./"/>
				<Option type="2"/>
				<Option compiler="gcc"/>
				<Compiler>
					<Add directory="/home/a1/work/rocksdb_dev2/ssdb-1.9.2/deps/jemalloc-4.1.0/include"/>
					<Add directory="/home/a1/work/rocksdb_dev2/ssdb-1.9.2/src"/>
					<Add directory="/home/a1/work/rocksdb_dev2/ssdb-1.9.2/src/client"/>
					<Add directory="/home/a1/work/rocksdb_dev2/ssdb-1.9.2/deps/rocksdb-4.11.2/include"/>
					<Add directory="/usr/include/c++/4.8"/>
					<Add directory="/usr/include/x86_64-linux-gnu/c++/4.8"/>
					<Add directory="/usr/include/c++/4.8/backward"/>
					<Add directory="/usr/lib/gcc/x86_64-linux-gnu/4.8/include"/>
					<Add directory="/usr/local/include"/>
					<Add directory="/usr/lib/gcc/x86_64-linux-gnu/4.8/include-fixed"/>
					<Add directory="/usr/include/x86_64-linux-gnu"/>
					<Add directory="/usr/include"/>
				</Compiler>
				<MakeCommands>
					<Build command="/usr/bin/make -j4 -f &quot;/home/a1/work/rocksdb_dev2/ssdb-1.9.2/Makefile&quot;  VERBOSE=1 librdb-static"/>
					<CompileFile command="/usr/bin/make -j4 -f &quot;/home/a1/work/rocksdb_dev2/ssdb-1.9.2/Makefile&quot;  VERBOSE=1 &quot;$file&quot;"/>
					<Clean command="/usr/bin/make -j4 -f &quot;/home/a1/work/rocksdb_dev2/ssdb-1.9.2/Makefile&quot;  VERBOSE=1 clean"/>
					<DistClean command="/usr/bin/make -j4 -f &quot;/home/a1/work/rocksdb_dev2/ssdb-1.9.2/Makefile&quot;  VERBOSE=1 clean"/>
				</MakeCommands>
			</Target>
			<Target title="librdb-static/fast">
				<Option output="/home/a1/work/rocksdb_dev2/ssdb-1.9.2/librdb.a" prefix_auto="0" extension_auto="0"/>
				<Option working_dir="/home/a1/work/rocksdb_dev2/ssdb-1.9.2"/>
				<Option object_output="./"/>
				<Option type="2"/>
				<Option compiler="gcc"/>
				<Compiler>
					<Add directory="/home/a1/work/rocksdb_dev2/ssdb-1.9.2/deps/jemalloc-4.1.0/include"/>
					<Add directory="/home/a1/work/rocksdb_dev2/ssdb-1.9.2/src"/>
					<Add directory="/home/a1/work/rocksdb_dev2/ssdb-1.9.2/src/client"/>
					<Add directory="/home/a1/work/rocksdb_dev2/ssdb-1.9.2/deps/rocksdb-4.11.2/include"/>
					<Add directory="/usr/include/c++/4.8"/>
					<Add directory="/usr/include/x86_64-linux-gnu/c++/4.8"/>
					<Add directory="/usr/include/c++/4.8/backward"/>
					<Add directory="/usr/lib/gcc/x86_64-linux-gnu/4.8/include"/>
					<Add directory="/usr/local/include"/>
					<Add directory="/usr/lib/gcc/x86_64-linux-gnu/4.8/include-fixed"/>
					<Add directory="/usr/include/x86_64-linux-gnu"/>
					<Add directory="/usr/include"/>
				</Compiler>
				<MakeCommands>
					<Build command="/usr/bin/make -j4 -f &quot;/home/a1/work/rocksdb_dev2/ssdb-1.9.2/Makefile&quot;  VERBOSE=1 librdb-static/fast"/>
					<CompileFile command="/usr/bin/make -j4 -f &quot;/home/a1/work/rocksdb_dev2/ssdb-1.9.2/Makefile&quot;  VERBOSE=1 &quot;$file&quot;"/>
					<Clean command="/usr/bin/make -j4 -f &quot;/home/a1/work/rocksdb_dev2/ssdb-1.9.2/Makefile&quot;  VERBOSE=1 clean"/>
					<DistClean command="/usr/bin/make -j4 -f &quot;/home/a1/work/rocksdb_dev2/ssdb-1.9.2/Makefile&quot;  VERBOSE=1 clean"/>
				</MakeCommands>
			</Target>
			<Target title="libutil-shared">
				<Option output="/home/a1/work/rocksdb_dev2/ssdb-1.9.2/libutil.so" prefix_auto="0" extension_auto="0"/>
				<Option working_dir="/home/a1/work/rocksdb_dev2/ssdb-1.9.2"/>
				<Option object_output="./"/>
				<Option type="3"/>
				<Option compiler="gcc"/>
				<Compiler>
					<Add directory="/home/a1/work/rocksdb_dev2/ssdb-1.9.2/deps/jemalloc-4.1.0/include"/>
					<Add directory="/home/a1/work/rocksdb_dev2/ssdb-1.9.2/src"/>
					<Add directory="/home/a1/work/rocksdb_dev2/ssdb-1.9.2/src/client"/>
					<Add directory="/home/a1/work/rocksdb_dev2/ssdb-1.9.2/deps/rocksdb-4.11.2/include"/>
					<Add directory="/usr/include/c++/4.8"/>
					<Add directory="/usr/include/x86_64-linux-gnu/c++/4.8"/>
					<Add directory="/usr/include/c++/4.8/backward"/>
					<Add directory="/usr/lib/gcc/x86_64-linux-gnu/4.8/include"/>
					<Add directory="/usr/local/include"/>
					<Add directory="/usr/lib/gcc/x86_64-linux-gnu/4.8/include-fixed"/>
					<Add directory="/usr/include/x86_64-linux-gnu"/>
					<Add directory="/usr/include"/>
				</Compiler>
				<MakeCommands>
					<Build command="/usr/bin/make -j4 -f &quot;/home/a1/work/rocksdb_dev2/ssdb-1.9.2/Makefile&quot;  VERBOSE=1 libutil-shared"/>
					<CompileFile command="/usr/bin/make -j4 -f &quot;/home/a1/work/rocksdb_dev2/ssdb-1.9.2/Makefile&quot;  VERBOSE=1 &quot;$file&quot;"/>
					<Clean command="/usr/bin/make -j4 -f &quot;/home/a1/work/rocksdb_dev2/ssdb-1.9.2/Makefile&quot;  VERBOSE=1 clean"/>
					<DistClean command="/usr/bin/make -j4 -f &quot;/home/a1/work/rocksdb_dev2/ssdb-1.9.2/Makefile&quot;  VERBOSE=1 clean"/>
				</MakeCommands>
			</Target>
			<Target title="libutil-shared/fast">
				<Option output="/home/a1/work/rocksdb_dev2/ssdb-1.9.2/libutil.so" prefix_auto="0" extension_auto="0"/>
				<Option working_dir="/home/a1/work/rocksdb_dev2/ssdb-1.9.2"/>
				<Option object_output="./"/>
				<Option type="3"/>
				<Option compiler="gcc"/>
				<Compiler>
					<Add directory="/home/a1/work/rocksdb_dev2/ssdb-1.9.2/deps/jemalloc-4.1.0/include"/>
					<Add directory="/home/a1/work/rocksdb_dev2/ssdb-1.9.2/src"/>
					<Add directory="/home/a1/work/rocksdb_dev2/ssdb-1.9.2/src/client"/>
					<Add directory="/home/a1/work/rocksdb_dev2/ssdb-1.9.2/deps/rocksdb-4.11.2/include"/>
					<Add directory="/usr/include/c++/4.8"/>
					<Add directory="/usr/include/x86_64-linux-gnu/c++/4.8"/>
					<Add directory="/usr/include/c++/4.8/backward"/>
					<Add directory="/usr/lib/gcc/x86_64-linux-gnu/4.8/include"/>
					<Add directory="/usr/local/include"/>
					<Add directory="/usr/lib/gcc/x86_64-linux-gnu/4.8/include-fixed"/>
					<Add directory="/usr/include/x86_64-linux-gnu"/>
					<Add directory="/usr/include"/>
				</Compiler>
				<MakeCommands>
					<Build command="/usr/bin/make -j4 -f &quot;/home/a1/work/rocksdb_dev2/ssdb-1.9.2/Makefile&quot;  VERBOSE=1 libutil-shared/fast"/>
					<CompileFile command="/usr/bin/make -j4 -f &quot;/home/a1/work/rocksdb_dev2/ssdb-1.9.2/Makefile&quot;  VERBOSE=1 &quot;$file&quot;"/>
					<Clean command="/usr/bin/make -j4 -f &quot;/home/a1/work/rocksdb_dev2/ssdb-1.9.2/Makefile&quot;  VERBOSE=1 clean"/>
					<DistClean command="/usr/bin/make -j4 -f &quot;/home/a1/work/rocksdb_dev2/ssdb-1.9.2/Makefile&quot;  VERBOSE=1 clean"/>
				</MakeCommands>
			</Target>
			<Target title="librocksdb-static">
				<Option output="/home/a1/work/rocksdb_dev2/ssdb-1.9.2/librocksdb.a" prefix_auto="0" extension_auto="0"/>
				<Option working_dir="/home/a1/work/rocksdb_dev2/ssdb-1.9.2"/>
				<Option object_output="./"/>
				<Option type="2"/>
				<Option compiler="gcc"/>
				<Compiler>
					<Add directory="/home/a1/work/rocksdb_dev2/ssdb-1.9.2/deps/jemalloc-4.1.0/include"/>
					<Add directory="/home/a1/work/rocksdb_dev2/ssdb-1.9.2/src"/>
					<Add directory="/home/a1/work/rocksdb_dev2/ssdb-1.9.2/src/client"/>
					<Add directory="/home/a1/work/rocksdb_dev2/ssdb-1.9.2/deps/rocksdb-4.11.2/include"/>
					<Add directory="/usr/include/c++/4.8"/>
					<Add directory="/usr/include/x86_64-linux-gnu/c++/4.8"/>
					<Add directory="/usr/include/c++/4.8/backward"/>
					<Add directory="/usr/lib/gcc/x86_64-linux-gnu/4.8/include"/>
					<Add directory="/usr/local/include"/>
					<Add directory="/usr/lib/gcc/x86_64-linux-gnu/4.8/include-fixed"/>
					<Add directory="/usr/include/x86_64-linux-gnu"/>
					<Add directory="/usr/include"/>
				</Compiler>
				<MakeCommands>
					<Build command="/usr/bin/make -j4 -f &quot;/home/a1/work/rocksdb_dev2/ssdb-1.9.2/Makefile&quot;  VERBOSE=1 librocksdb-static"/>
					<CompileFile command="/usr/bin/make -j4 -f &quot;/home/a1/work/rocksdb_dev2/ssdb-1.9.2/Makefile&quot;  VERBOSE=1 &quot;$file&quot;"/>
					<Clean command="/usr/bin/make -j4 -f &quot;/home/a1/work/rocksdb_dev2/ssdb-1.9.2/Makefile&quot;  VERBOSE=1 clean"/>
					<DistClean command="/usr/bin/make -j4 -f &quot;/home/a1/work/rocksdb_dev2/ssdb-1.9.2/Makefile&quot;  VERBOSE=1 clean"/>
				</MakeCommands>
			</Target>
			<Target title="librocksdb-static/fast">
				<Option output="/home/a1/work/rocksdb_dev2/ssdb-1.9.2/librocksdb.a" prefix_auto="0" extension_auto="0"/>
				<Option working_dir="/home/a1/work/rocksdb_dev2/ssdb-1.9.2"/>
				<Option object_output="./"/>
				<Option type="2"/>
				<Option compiler="gcc"/>
				<Compiler>
					<Add directory="/home/a1/work/rocksdb_dev2/ssdb-1.9.2/deps/jemalloc-4.1.0/include"/>
					<Add directory="/home/a1/work/rocksdb_dev2/ssdb-1.9.2/src"/>
					<Add directory="/home/a1/work/rocksdb_dev2/ssdb-1.9.2/src/client"/>
					<Add directory="/home/a1/work/rocksdb_dev2/ssdb-1.9.2/deps/rocksdb-4.11.2/include"/>
					<Add directory="/usr/include/c++/4.8"/>
					<Add directory="/usr/include/x86_64-linux-gnu/c++/4.8"/>
					<Add directory="/usr/include/c++/4.8/backward"/>
					<Add directory="/usr/lib/gcc/x86_64-linux-gnu/4.8/include"/>
					<Add directory="/usr/local/include"/>
					<Add directory="/usr/lib/gcc/x86_64-linux-gnu/4.8/include-fixed"/>
					<Add directory="/usr/include/x86_64-linux-gnu"/>
					<Add directory="/usr/include"/>
				</Compiler>
				<MakeCommands>
					<Build command="/usr/bin/make -j4 -f &quot;/home/a1/work/rocksdb_dev2/ssdb-1.9.2/Makefile&quot;  VERBOSE=1 librocksdb-static/fast"/>
					<CompileFile command="/usr/bin/make -j4 -f &quot;/home/a1/work/rocksdb_dev2/ssdb-1.9.2/Makefile&quot;  VERBOSE=1 &quot;$file&quot;"/>
					<Clean command="/usr/bin/make -j4 -f &quot;/home/a1/work/rocksdb_dev2/ssdb-1.9.2/Makefile&quot;  VERBOSE=1 clean"/>
					<DistClean command="/usr/bin/make -j4 -f &quot;/home/a1/work/rocksdb_dev2/ssdb-1.9.2/Makefile&quot;  VERBOSE=1 clean"/>
				</MakeCommands>
			</Target>
			<Target title="libjemalloc-static">
				<Option output="/home/a1/work/rocksdb_dev2/ssdb-1.9.2/libjemalloc.a" prefix_auto="0" extension_auto="0"/>
				<Option working_dir="/home/a1/work/rocksdb_dev2/ssdb-1.9.2"/>
				<Option object_output="./"/>
				<Option type="2"/>
				<Option compiler="gcc"/>
				<Compiler>
					<Add directory="/home/a1/work/rocksdb_dev2/ssdb-1.9.2/deps/jemalloc-4.1.0/include"/>
					<Add directory="/home/a1/work/rocksdb_dev2/ssdb-1.9.2/src"/>
					<Add directory="/home/a1/work/rocksdb_dev2/ssdb-1.9.2/src/client"/>
					<Add directory="/home/a1/work/rocksdb_dev2/ssdb-1.9.2/deps/rocksdb-4.11.2/include"/>
					<Add directory="/usr/include/c++/4.8"/>
					<Add directory="/usr/include/x86_64-linux-gnu/c++/4.8"/>
					<Add directory="/usr/include/c++/4.8/backward"/>
					<Add directory="/usr/lib/gcc/x86_64-linux-gnu/4.8/include"/>
					<Add directory="/usr/local/include"/>
					<Add directory="/usr/lib/gcc/x86_64-linux-gnu/4.8/include-fixed"/>
					<Add directory="/usr/include/x86_64-linux-gnu"/>
					<Add directory="/usr/include"/>
				</Compiler>
				<MakeCommands>
					<Build command="/usr/bin/make -j4 -f &quot;/home/a1/work/rocksdb_dev2/ssdb-1.9.2/Makefile&quot;  VERBOSE=1 libjemalloc-static"/>
					<CompileFile command="/usr/bin/make -j4 -f &quot;/home/a1/work/rocksdb_dev2/ssdb-1.9.2/Makefile&quot;  VERBOSE=1 &quot;$file&quot;"/>
					<Clean command="/usr/bin/make -j4 -f &quot;/home/a1/work/rocksdb_dev2/ssdb-1.9.2/Makefile&quot;  VERBOSE=1 clean"/>
					<DistClean command="/usr/bin/make -j4 -f &quot;/home/a1/work/rocksdb_dev2/ssdb-1.9.2/Makefile&quot;  VERBOSE=1 clean"/>
				</MakeCommands>
			</Target>
			<Target title="libjemalloc-static/fast">
				<Option output="/home/a1/work/rocksdb_dev2/ssdb-1.9.2/libjemalloc.a" prefix_auto="0" extension_auto="0"/>
				<Option working_dir="/home/a1/work/rocksdb_dev2/ssdb-1.9.2"/>
				<Option object_output="./"/>
				<Option type="2"/>
				<Option compiler="gcc"/>
				<Compiler>
					<Add directory="/home/a1/work/rocksdb_dev2/ssdb-1.9.2/deps/jemalloc-4.1.0/include"/>
					<Add directory="/home/a1/work/rocksdb_dev2/ssdb-1.9.2/src"/>
					<Add directory="/home/a1/work/rocksdb_dev2/ssdb-1.9.2/src/client"/>
					<Add directory="/home/a1/work/rocksdb_dev2/ssdb-1.9.2/deps/rocksdb-4.11.2/include"/>
					<Add directory="/usr/include/c++/4.8"/>
					<Add directory="/usr/include/x86_64-linux-gnu/c++/4.8"/>
					<Add directory="/usr/include/c++/4.8/backward"/>
					<Add directory="/usr/lib/gcc/x86_64-linux-gnu/4.8/include"/>
					<Add directory="/usr/local/include"/>
					<Add directory="/usr/lib/gcc/x86_64-linux-gnu/4.8/include-fixed"/>
					<Add directory="/usr/include/x86_64-linux-gnu"/>
					<Add directory="/usr/include"/>
				</Compiler>
				<MakeCommands>
					<Build command="/usr/bin/make -j4 -f &quot;/home/a1/work/rocksdb_dev2/ssdb-1.9.2/Makefile&quot;  VERBOSE=1 libjemalloc-static/fast"/>
					<CompileFile command="/usr/bin/make -j4 -f &quot;/home/a1/work/rocksdb_dev2/ssdb-1.9.2/Makefile&quot;  VERBOSE=1 &quot;$file&quot;"/>
					<Clean command="/usr/bin/make -j4 -f &quot;/home/a1/work/rocksdb_dev2/ssdb-1.9.2/Makefile&quot;  VERBOSE=1 clean"/>
					<DistClean command="/usr/bin/make -j4 -f &quot;/home/a1/work/rocksdb_dev2/ssdb-1.9.2/Makefile&quot;  VERBOSE=1 clean"/>
				</MakeCommands>
			</Target>
			<Target title="libutil-static">
				<Option output="/home/a1/work/rocksdb_dev2/ssdb-1.9.2/libutil.a" prefix_auto="0" extension_auto="0"/>
				<Option working_dir="/home/a1/work/rocksdb_dev2/ssdb-1.9.2"/>
				<Option object_output="./"/>
				<Option type="2"/>
				<Option compiler="gcc"/>
				<Compiler>
					<Add directory="/home/a1/work/rocksdb_dev2/ssdb-1.9.2/deps/jemalloc-4.1.0/include"/>
					<Add directory="/home/a1/work/rocksdb_dev2/ssdb-1.9.2/src"/>
					<Add directory="/home/a1/work/rocksdb_dev2/ssdb-1.9.2/src/client"/>
					<Add directory="/home/a1/work/rocksdb_dev2/ssdb-1.9.2/deps/rocksdb-4.11.2/include"/>
					<Add directory="/usr/include/c++/4.8"/>
					<Add directory="/usr/include/x86_64-linux-gnu/c++/4.8"/>
					<Add directory="/usr/include/c++/4.8/backward"/>
					<Add directory="/usr/lib/gcc/x86_64-linux-gnu/4.8/include"/>
					<Add directory="/usr/local/include"/>
					<Add directory="/usr/lib/gcc/x86_64-linux-gnu/4.8/include-fixed"/>
					<Add directory="/usr/include/x86_64-linux-gnu"/>
					<Add directory="/usr/include"/>
				</Compiler>
				<MakeCommands>
					<Build command="/usr/bin/make -j4 -f &quot;/home/a1/work/rocksdb_dev2/ssdb-1.9.2/Makefile&quot;  VERBOSE=1 libutil-static"/>
					<CompileFile command="/usr/bin/make -j4 -f &quot;/home/a1/work/rocksdb_dev2/ssdb-1.9.2/Makefile&quot;  VERBOSE=1 &quot;$file&quot;"/>
					<Clean command="/usr/bin/make -j4 -f &quot;/home/a1/work/rocksdb_dev2/ssdb-1.9.2/Makefile&quot;  VERBOSE=1 clean"/>
					<DistClean command="/usr/bin/make -j4 -f &quot;/home/a1/work/rocksdb_dev2/ssdb-1.9.2/Makefile&quot;  VERBOSE=1 clean"/>
				</MakeCommands>
			</Target>
			<Target title="libutil-static/fast">
				<Option output="/home/a1/work/rocksdb_dev2/ssdb-1.9.2/libutil.a" prefix_auto="0" extension_auto="0"/>
				<Option working_dir="/home/a1/work/rocksdb_dev2/ssdb-1.9.2"/>
				<Option object_output="./"/>
				<Option type="2"/>
				<Option compiler="gcc"/>
				<Compiler>
					<Add directory="/home/a1/work/rocksdb_dev2/ssdb-1.9.2/deps/jemalloc-4.1.0/include"/>
					<Add directory="/home/a1/work/rocksdb_dev2/ssdb-1.9.2/src"/>
					<Add directory="/home/a1/work/rocksdb_dev2/ssdb-1.9.2/src/client"/>
					<Add directory="/home/a1/work/rocksdb_dev2/ssdb-1.9.2/deps/rocksdb-4.11.2/include"/>
					<Add directory="/usr/include/c++/4.8"/>
					<Add directory="/usr/include/x86_64-linux-gnu/c++/4.8"/>
					<Add directory="/usr/include/c++/4.8/backward"/>
					<Add directory="/usr/lib/gcc/x86_64-linux-gnu/4.8/include"/>
					<Add directory="/usr/local/include"/>
					<Add directory="/usr/lib/gcc/x86_64-linux-gnu/4.8/include-fixed"/>
					<Add directory="/usr/include/x86_64-linux-gnu"/>
					<Add directory="/usr/include"/>
				</Compiler>
				<MakeCommands>
					<Build command="/usr/bin/make -j4 -f &quot;/home/a1/work/rocksdb_dev2/ssdb-1.9.2/Makefile&quot;  VERBOSE=1 libutil-static/fast"/>
					<CompileFile command="/usr/bin/make -j4 -f &quot;/home/a1/work/rocksdb_dev2/ssdb-1.9.2/Makefile&quot;  VERBOSE=1 &quot;$file&quot;"/>
					<Clean command="/usr/bin/make -j4 -f &quot;/home/a1/work/rocksdb_dev2/ssdb-1.9.2/Makefile&quot;  VERBOSE=1 clean"/>
					<DistClean command="/usr/bin/make -j4 -f &quot;/home/a1/work/rocksdb_dev2/ssdb-1.9.2/Makefile&quot;  VERBOSE=1 clean"/>
				</MakeCommands>
			</Target>
			<Target title="libssdb-client-static">
				<Option output="/home/a1/work/rocksdb_dev2/ssdb-1.9.2/libssdb-client.a" prefix_auto="0" extension_auto="0"/>
				<Option working_dir="/home/a1/work/rocksdb_dev2/ssdb-1.9.2"/>
				<Option object_output="./"/>
				<Option type="2"/>
				<Option compiler="gcc"/>
				<Compiler>
					<Add directory="/home/a1/work/rocksdb_dev2/ssdb-1.9.2/deps/jemalloc-4.1.0/include"/>
					<Add directory="/home/a1/work/rocksdb_dev2/ssdb-1.9.2/src"/>
					<Add directory="/home/a1/work/rocksdb_dev2/ssdb-1.9.2/src/client"/>
					<Add directory="/home/a1/work/rocksdb_dev2/ssdb-1.9.2/deps/rocksdb-4.11.2/include"/>
					<Add directory="/usr/include/c++/4.8"/>
					<Add directory="/usr/include/x86_64-linux-gnu/c++/4.8"/>
					<Add directory="/usr/include/c++/4.8/backward"/>
					<Add directory="/usr/lib/gcc/x86_64-linux-gnu/4.8/include"/>
					<Add directory="/usr/local/include"/>
					<Add directory="/usr/lib/gcc/x86_64-linux-gnu/4.8/include-fixed"/>
					<Add directory="/usr/include/x86_64-linux-gnu"/>
					<Add directory="/usr/include"/>
				</Compiler>
				<MakeCommands>
					<Build command="/usr/bin/make -j4 -f &quot;/home/a1/work/rocksdb_dev2/ssdb-1.9.2/Makefile&quot;  VERBOSE=1 libssdb-client-static"/>
					<CompileFile command="/usr/bin/make -j4 -f &quot;/home/a1/work/rocksdb_dev2/ssdb-1.9.2/Makefile&quot;  VERBOSE=1 &quot;$file&quot;"/>
					<Clean command="/usr/bin/make -j4 -f &quot;/home/a1/work/rocksdb_dev2/ssdb-1.9.2/Makefile&quot;  VERBOSE=1 clean"/>
					<DistClean command="/usr/bin/make -j4 -f &quot;/home/a1/work/rocksdb_dev2/ssdb-1.9.2/Makefile&quot;  VERBOSE=1 clean"/>
				</MakeCommands>
			</Target>
			<Target title="libssdb-client-static/fast">
				<Option output="/home/a1/work/rocksdb_dev2/ssdb-1.9.2/libssdb-client.a" prefix_auto="0" extension_auto="0"/>
				<Option working_dir="/home/a1/work/rocksdb_dev2/ssdb-1.9.2"/>
				<Option object_output="./"/>
				<Option type="2"/>
				<Option compiler="gcc"/>
				<Compiler>
					<Add directory="/home/a1/work/rocksdb_dev2/ssdb-1.9.2/deps/jemalloc-4.1.0/include"/>
					<Add directory="/home/a1/work/rocksdb_dev2/ssdb-1.9.2/src"/>
					<Add directory="/home/a1/work/rocksdb_dev2/ssdb-1.9.2/src/client"/>
					<Add directory="/home/a1/work/rocksdb_dev2/ssdb-1.9.2/deps/rocksdb-4.11.2/include"/>
					<Add directory="/usr/include/c++/4.8"/>
					<Add directory="/usr/include/x86_64-linux-gnu/c++/4.8"/>
					<Add directory="/usr/include/c++/4.8/backward"/>
					<Add directory="/usr/lib/gcc/x86_64-linux-gnu/4.8/include"/>
					<Add directory="/usr/local/include"/>
					<Add directory="/usr/lib/gcc/x86_64-linux-gnu/4.8/include-fixed"/>
					<Add directory="/usr/include/x86_64-linux-gnu"/>
					<Add directory="/usr/include"/>
				</Compiler>
				<MakeCommands>
					<Build command="/usr/bin/make -j4 -f &quot;/home/a1/work/rocksdb_dev2/ssdb-1.9.2/Makefile&quot;  VERBOSE=1 libssdb-client-static/fast"/>
					<CompileFile command="/usr/bin/make -j4 -f &quot;/home/a1/work/rocksdb_dev2/ssdb-1.9.2/Makefile&quot;  VERBOSE=1 &quot;$file&quot;"/>
					<Clean command="/usr/bin/make -j4 -f &quot;/home/a1/work/rocksdb_dev2/ssdb-1.9.2/Makefile&quot;  VERBOSE=1 clean"/>
					<DistClean command="/usr/bin/make -j4 -f &quot;/home/a1/work/rocksdb_dev2/ssdb-1.9.2/Makefile&quot;  VERBOSE=1 clean"/>
				</MakeCommands>
			</Target>
			<Target title="libsnappy-static">
				<Option output="/home/a1/work/rocksdb_dev2/ssdb-1.9.2/libsnappy.a" prefix_auto="0" extension_auto="0"/>
				<Option working_dir="/home/a1/work/rocksdb_dev2/ssdb-1.9.2"/>
				<Option object_output="./"/>
				<Option type="2"/>
				<Option compiler="gcc"/>
				<Compiler>
					<Add directory="/home/a1/work/rocksdb_dev2/ssdb-1.9.2/deps/jemalloc-4.1.0/include"/>
					<Add directory="/home/a1/work/rocksdb_dev2/ssdb-1.9.2/src"/>
					<Add directory="/home/a1/work/rocksdb_dev2/ssdb-1.9.2/src/client"/>
					<Add directory="/home/a1/work/rocksdb_dev2/ssdb-1.9.2/deps/rocksdb-4.11.2/include"/>
					<Add directory="/usr/include/c++/4.8"/>
					<Add directory="/usr/include/x86_64-linux-gnu/c++/4.8"/>
					<Add directory="/usr/include/c++/4.8/backward"/>
					<Add directory="/usr/lib/gcc/x86_64-linux-gnu/4.8/include"/>
					<Add directory="/usr/local/include"/>
					<Add directory="/usr/lib/gcc/x86_64-linux-gnu/4.8/include-fixed"/>
					<Add directory="/usr/include/x86_64-linux-gnu"/>
					<Add directory="/usr/include"/>
				</Compiler>
				<MakeCommands>
					<Build command="/usr/bin/make -j4 -f &quot;/home/a1/work/rocksdb_dev2/ssdb-1.9.2/Makefile&quot;  VERBOSE=1 libsnappy-static"/>
					<CompileFile command="/usr/bin/make -j4 -f &quot;/home/a1/work/rocksdb_dev2/ssdb-1.9.2/Makefile&quot;  VERBOSE=1 &quot;$file&quot;"/>
					<Clean command="/usr/bin/make -j4 -f &quot;/home/a1/work/rocksdb_dev2/ssdb-1.9.2/Makefile&quot;  VERBOSE=1 clean"/>
					<DistClean command="/usr/bin/make -j4 -f &quot;/home/a1/work/rocksdb_dev2/ssdb-1.9.2/Makefile&quot;  VERBOSE=1 clean"/>
				</MakeCommands>
			</Target>
			<Target title="libsnappy-static/fast">
				<Option output="/home/a1/work/rocksdb_dev2/ssdb-1.9.2/libsnappy.a" prefix_auto="0" extension_auto="0"/>
				<Option working_dir="/home/a1/work/rocksdb_dev2/ssdb-1.9.2"/>
				<Option object_output="./"/>
				<Option type="2"/>
				<Option compiler="gcc"/>
				<Compiler>
					<Add directory="/home/a1/work/rocksdb_dev2/ssdb-1.9.2/deps/jemalloc-4.1.0/include"/>
					<Add directory="/home/a1/work/rocksdb_dev2/ssdb-1.9.2/src"/>
					<Add directory="/home/a1/work/rocksdb_dev2/ssdb-1.9.2/src/client"/>
					<Add directory="/home/a1/work/rocksdb_dev2/ssdb-1.9.2/deps/rocksdb-4.11.2/include"/>
					<Add directory="/usr/include/c++/4.8"/>
					<Add directory="/usr/include/x86_64-linux-gnu/c++/4.8"/>
					<Add directory="/usr/include/c++/4.8/backward"/>
					<Add directory="/usr/lib/gcc/x86_64-linux-gnu/4.8/include"/>
					<Add directory="/usr/local/include"/>
					<Add directory="/usr/lib/gcc/x86_64-linux-gnu/4.8/include-fixed"/>
					<Add directory="/usr/include/x86_64-linux-gnu"/>
					<Add directory="/usr/include"/>
				</Compiler>
				<MakeCommands>
					<Build command="/usr/bin/make -j4 -f &quot;/home/a1/work/rocksdb_dev2/ssdb-1.9.2/Makefile&quot;  VERBOSE=1 libsnappy-static/fast"/>
					<CompileFile command="/usr/bin/make -j4 -f &quot;/home/a1/work/rocksdb_dev2/ssdb-1.9.2/Makefile&quot;  VERBOSE=1 &quot;$file&quot;"/>
					<Clean command="/usr/bin/make -j4 -f &quot;/home/a1/work/rocksdb_dev2/ssdb-1.9.2/Makefile&quot;  VERBOSE=1 clean"/>
					<DistClean command="/usr/bin/make -j4 -f &quot;/home/a1/work/rocksdb_dev2/ssdb-1.9.2/Makefile&quot;  VERBOSE=1 clean"/>
				</MakeCommands>
			</Target>
			<Target title="test_link">
				<Option output="/home/a1/work/rocksdb_dev2/ssdb-1.9.2/test_link" prefix_auto="0" extension_auto="0"/>
				<Option working_dir="/home/a1/work/rocksdb_dev2/ssdb-1.9.2"/>
				<Option object_output="./"/>
				<Option type="1"/>
				<Option compiler="gcc"/>
				<Compiler>
					<Add directory="/home/a1/work/rocksdb_dev2/ssdb-1.9.2/deps/jemalloc-4.1.0/include"/>
					<Add directory="/home/a1/work/rocksdb_dev2/ssdb-1.9.2/src"/>
					<Add directory="/home/a1/work/rocksdb_dev2/ssdb-1.9.2/src/client"/>
					<Add directory="/home/a1/work/rocksdb_dev2/ssdb-1.9.2/deps/rocksdb-4.11.2/include"/>
					<Add directory="/usr/include/c++/4.8"/>
					<Add directory="/usr/include/x86_64-linux-gnu/c++/4.8"/>
					<Add directory="/usr/include/c++/4.8/backward"/>
					<Add directory="/usr/lib/gcc/x86_64-linux-gnu/4.8/include"/>
					<Add directory="/usr/local/include"/>
					<Add directory="/usr/lib/gcc/x86_64-linux-gnu/4.8/include-fixed"/>
					<Add directory="/usr/include/x86_64-linux-gnu"/>
					<Add directory="/usr/include"/>
				</Compiler>
				<MakeCommands>
					<Build command="/usr/bin/make -j4 -f &quot;/home/a1/work/rocksdb_dev2/ssdb-1.9.2/Makefile&quot;  VERBOSE=1 test_link"/>
					<CompileFile command="/usr/bin/make -j4 -f &quot;/home/a1/work/rocksdb_dev2/ssdb-1.9.2/Makefile&quot;  VERBOSE=1 &quot;$file&quot;"/>
					<Clean command="/usr/bin/make -j4 -f &quot;/home/a1/work/rocksdb_dev2/ssdb-1.9.2/Makefile&quot;  VERBOSE=1 clean"/>
					<DistClean command="/usr/bin/make -j4 -f &quot;/home/a1/work/rocksdb_dev2/ssdb-1.9.2/Makefile&quot;  VERBOSE=1 clean"/>
				</MakeCommands>
			</Target>
			<Target title="test_link/fast">
				<Option output="/home/a1/work/rocksdb_dev2/ssdb-1.9.2/test_link" prefix_auto="0" extension_auto="0"/>
				<Option working_dir="/home/a1/work/rocksdb_dev2/ssdb-1.9.2"/>
				<Option object_output="./"/>
				<Option type="1"/>
				<Option compiler="gcc"/>
				<Compiler>
					<Add directory="/home/a1/work/rocksdb_dev2/ssdb-1.9.2/deps/jemalloc-4.1.0/include"/>
					<Add directory="/home/a1/work/rocksdb_dev2/ssdb-1.9.2/src"/>
					<Add directory="/home/a1/work/rocksdb_dev2/ssdb-1.9.2/src/client"/>
					<Add directory="/home/a1/work/rocksdb_dev2/ssdb-1.9.2/deps/rocksdb-4.11.2/include"/>
					<Add directory="/usr/include/c++/4.8"/>
					<Add directory="/usr/include/x86_64-linux-gnu/c++/4.8"/>
					<Add directory="/usr/include/c++/4.8/backward"/>
					<Add directory="/usr/lib/gcc/x86_64-linux-gnu/4.8/include"/>
					<Add directory="/usr/local/include"/>
					<Add directory="/usr/lib/gcc/x86_64-linux-gnu/4.8/include-fixed"/>
					<Add directory="/usr/include/x86_64-linux-gnu"/>
					<Add directory="/usr/include"/>
				</Compiler>
				<MakeCommands>
					<Build command="/usr/bin/make -j4 -f &quot;/home/a1/work/rocksdb_dev2/ssdb-1.9.2/Makefile&quot;  VERBOSE=1 test_link/fast"/>
					<CompileFile command="/usr/bin/make -j4 -f &quot;/home/a1/work/rocksdb_dev2/ssdb-1.9.2/Makefile&quot;  VERBOSE=1 &quot;$file&quot;"/>
					<Clean command="/usr/bin/make -j4 -f &quot;/home/a1/work/rocksdb_dev2/ssdb-1.9.2/Makefile&quot;  VERBOSE=1 clean"/>
					<DistClean command="/usr/bin/make -j4 -f &quot;/home/a1/work/rocksdb_dev2/ssdb-1.9.2/Makefile&quot;  VERBOSE=1 clean"/>
				</MakeCommands>
			</Target>
			<Target title="libnet-shared">
				<Option output="/home/a1/work/rocksdb_dev2/ssdb-1.9.2/libnet.so" prefix_auto="0" extension_auto="0"/>
				<Option working_dir="/home/a1/work/rocksdb_dev2/ssdb-1.9.2"/>
				<Option object_output="./"/>
				<Option type="3"/>
				<Option compiler="gcc"/>
				<Compiler>
					<Add directory="/home/a1/work/rocksdb_dev2/ssdb-1.9.2/deps/jemalloc-4.1.0/include"/>
					<Add directory="/home/a1/work/rocksdb_dev2/ssdb-1.9.2/src"/>
					<Add directory="/home/a1/work/rocksdb_dev2/ssdb-1.9.2/src/client"/>
					<Add directory="/home/a1/work/rocksdb_dev2/ssdb-1.9.2/deps/rocksdb-4.11.2/include"/>
					<Add directory="/usr/include/c++/4.8"/>
					<Add directory="/usr/include/x86_64-linux-gnu/c++/4.8"/>
					<Add directory="/usr/include/c++/4.8/backward"/>
					<Add directory="/usr/lib/gcc/x86_64-linux-gnu/4.8/include"/>
					<Add directory="/usr/local/include"/>
					<Add directory="/usr/lib/gcc/x86_64-linux-gnu/4.8/include-fixed"/>
					<Add directory="/usr/include/x86_64-linux-gnu"/>
					<Add directory="/usr/include"/>
				</Compiler>
				<MakeCommands>
					<Build command="/usr/bin/make -j4 -f &quot;/home/a1/work/rocksdb_dev2/ssdb-1.9.2/Makefile&quot;  VERBOSE=1 libnet-shared"/>
					<CompileFile command="/usr/bin/make -j4 -f &quot;/home/a1/work/rocksdb_dev2/ssdb-1.9.2/Makefile&quot;  VERBOSE=1 &quot;$file&quot;"/>
					<Clean command="/usr/bin/make -j4 -f &quot;/home/a1/work/rocksdb_dev2/ssdb-1.9.2/Makefile&quot;  VERBOSE=1 clean"/>
					<DistClean command="/usr/bin/make -j4 -f &quot;/home/a1/work/rocksdb_dev2/ssdb-1.9.2/Makefile&quot;  VERBOSE=1 clean"/>
				</MakeCommands>
			</Target>
			<Target title="libnet-shared/fast">
				<Option output="/home/a1/work/rocksdb_dev2/ssdb-1.9.2/libnet.so" prefix_auto="0" extension_auto="0"/>
				<Option working_dir="/home/a1/work/rocksdb_dev2/ssdb-1.9.2"/>
				<Option object_output="./"/>
				<Option type="3"/>
				<Option compiler="gcc"/>
				<Compiler>
					<Add directory="/home/a1/work/rocksdb_dev2/ssdb-1.9.2/deps/jemalloc-4.1.0/include"/>
					<Add directory="/home/a1/work/rocksdb_dev2/ssdb-1.9.2/src"/>
					<Add directory="/home/a1/work/rocksdb_dev2/ssdb-1.9.2/src/client"/>
					<Add directory="/home/a1/work/rocksdb_dev2/ssdb-1.9.2/deps/rocksdb-4.11.2/include"/>
					<Add directory="/usr/include/c++/4.8"/>
					<Add directory="/usr/include/x86_64-linux-gnu/c++/4.8"/>
					<Add directory="/usr/include/c++/4.8/backward"/>
					<Add directory="/usr/lib/gcc/x86_64-linux-gnu/4.8/include"/>
					<Add directory="/usr/local/include"/>
					<Add directory="/usr/lib/gcc/x86_64-linux-gnu/4.8/include-fixed"/>
					<Add directory="/usr/include/x86_64-linux-gnu"/>
					<Add directory="/usr/include"/>
				</Compiler>
				<MakeCommands>
					<Build command="/usr/bin/make -j4 -f &quot;/home/a1/work/rocksdb_dev2/ssdb-1.9.2/Makefile&quot;  VERBOSE=1 libnet-shared/fast"/>
					<CompileFile command="/usr/bin/make -j4 -f &quot;/home/a1/work/rocksdb_dev2/ssdb-1.9.2/Makefile&quot;  VERBOSE=1 &quot;$file&quot;"/>
					<Clean command="/usr/bin/make -j4 -f &quot;/home/a1/work/rocksdb_dev2/ssdb-1.9.2/Makefile&quot;  VERBOSE=1 clean"/>
					<DistClean command="/usr/bin/make -j4 -f &quot;/home/a1/work/rocksdb_dev2/ssdb-1.9.2/Makefile&quot;  VERBOSE=1 clean"/>
				</MakeCommands>
			</Target>
			<Target title="libssdb-static">
				<Option output="/home/a1/work/rocksdb_dev2/ssdb-1.9.2/libssdb.a" prefix_auto="0" extension_auto="0"/>
				<Option working_dir="/home/a1/work/rocksdb_dev2/ssdb-1.9.2"/>
				<Option object_output="./"/>
				<Option type="2"/>
				<Option compiler="gcc"/>
				<Compiler>
					<Add directory="/home/a1/work/rocksdb_dev2/ssdb-1.9.2/deps/jemalloc-4.1.0/include"/>
					<Add directory="/home/a1/work/rocksdb_dev2/ssdb-1.9.2/src"/>
					<Add directory="/home/a1/work/rocksdb_dev2/ssdb-1.9.2/src/client"/>
					<Add directory="/home/a1/work/rocksdb_dev2/ssdb-1.9.2/deps/rocksdb-4.11.2/include"/>
					<Add directory="/usr/include/c++/4.8"/>
					<Add directory="/usr/include/x86_64-linux-gnu/c++/4.8"/>
					<Add directory="/usr/include/c++/4.8/backward"/>
					<Add directory="/usr/lib/gcc/x86_64-linux-gnu/4.8/include"/>
					<Add directory="/usr/local/include"/>
					<Add directory="/usr/lib/gcc/x86_64-linux-gnu/4.8/include-fixed"/>
					<Add directory="/usr/include/x86_64-linux-gnu"/>
					<Add directory="/usr/include"/>
				</Compiler>
				<MakeCommands>
					<Build command="/usr/bin/make -j4 -f &quot;/home/a1/work/rocksdb_dev2/ssdb-1.9.2/Makefile&quot;  VERBOSE=1 libssdb-static"/>
					<CompileFile command="/usr/bin/make -j4 -f &quot;/home/a1/work/rocksdb_dev2/ssdb-1.9.2/Makefile&quot;  VERBOSE=1 &quot;$file&quot;"/>
					<Clean command="/usr/bin/make -j4 -f &quot;/home/a1/work/rocksdb_dev2/ssdb-1.9.2/Makefile&quot;  VERBOSE=1 clean"/>
					<DistClean command="/usr/bin/make -j4 -f &quot;/home/a1/work/rocksdb_dev2/ssdb-1.9.2/Makefile&quot;  VERBOSE=1 clean"/>
				</MakeCommands>
			</Target>
			<Target title="libssdb-static/fast">
				<Option output="/home/a1/work/rocksdb_dev2/ssdb-1.9.2/libssdb.a" prefix_auto="0" extension_auto="0"/>
				<Option working_dir="/home/a1/work/rocksdb_dev2/ssdb-1.9.2"/>
				<Option object_output="./"/>
				<Option type="2"/>
				<Option compiler="gcc"/>
				<Compiler>
					<Add directory="/home/a1/work/rocksdb_dev2/ssdb-1.9.2/deps/jemalloc-4.1.0/include"/>
					<Add directory="/home/a1/work/rocksdb_dev2/ssdb-1.9.2/src"/>
					<Add directory="/home/a1/work/rocksdb_dev2/ssdb-1.9.2/src/client"/>
					<Add directory="/home/a1/work/rocksdb_dev2/ssdb-1.9.2/deps/rocksdb-4.11.2/include"/>
					<Add directory="/usr/include/c++/4.8"/>
					<Add directory="/usr/include/x86_64-linux-gnu/c++/4.8"/>
					<Add directory="/usr/include/c++/4.8/backward"/>
					<Add directory="/usr/lib/gcc/x86_64-linux-gnu/4.8/include"/>
					<Add directory="/usr/local/include"/>
					<Add directory="/usr/lib/gcc/x86_64-linux-gnu/4.8/include-fixed"/>
					<Add directory="/usr/include/x86_64-linux-gnu"/>
					<Add directory="/usr/include"/>
				</Compiler>
				<MakeCommands>
					<Build command="/usr/bin/make -j4 -f &quot;/home/a1/work/rocksdb_dev2/ssdb-1.9.2/Makefile&quot;  VERBOSE=1 libssdb-static/fast"/>
					<CompileFile command="/usr/bin/make -j4 -f &quot;/home/a1/work/rocksdb_dev2/ssdb-1.9.2/Makefile&quot;  VERBOSE=1 &quot;$file&quot;"/>
					<Clean command="/usr/bin/make -j4 -f &quot;/home/a1/work/rocksdb_dev2/ssdb-1.9.2/Makefile&quot;  VERBOSE=1 clean"/>
					<DistClean command="/usr/bin/make -j4 -f &quot;/home/a1/work/rocksdb_dev2/ssdb-1.9.2/Makefile&quot;  VERBOSE=1 clean"/>
				</MakeCommands>
			</Target>
			<Target title="libssdb-client-shared">
				<Option output="/home/a1/work/rocksdb_dev2/ssdb-1.9.2/libssdb-client.so" prefix_auto="0" extension_auto="0"/>
				<Option working_dir="/home/a1/work/rocksdb_dev2/ssdb-1.9.2"/>
				<Option object_output="./"/>
				<Option type="3"/>
				<Option compiler="gcc"/>
				<Compiler>
					<Add directory="/home/a1/work/rocksdb_dev2/ssdb-1.9.2/deps/jemalloc-4.1.0/include"/>
					<Add directory="/home/a1/work/rocksdb_dev2/ssdb-1.9.2/src"/>
					<Add directory="/home/a1/work/rocksdb_dev2/ssdb-1.9.2/src/client"/>
					<Add directory="/home/a1/work/rocksdb_dev2/ssdb-1.9.2/deps/rocksdb-4.11.2/include"/>
					<Add directory="/usr/include/c++/4.8"/>
					<Add directory="/usr/include/x86_64-linux-gnu/c++/4.8"/>
					<Add directory="/usr/include/c++/4.8/backward"/>
					<Add directory="/usr/lib/gcc/x86_64-linux-gnu/4.8/include"/>
					<Add directory="/usr/local/include"/>
					<Add directory="/usr/lib/gcc/x86_64-linux-gnu/4.8/include-fixed"/>
					<Add directory="/usr/include/x86_64-linux-gnu"/>
					<Add directory="/usr/include"/>
				</Compiler>
				<MakeCommands>
					<Build command="/usr/bin/make -j4 -f &quot;/home/a1/work/rocksdb_dev2/ssdb-1.9.2/Makefile&quot;  VERBOSE=1 libssdb-client-shared"/>
					<CompileFile command="/usr/bin/make -j4 -f &quot;/home/a1/work/rocksdb_dev2/ssdb-1.9.2/Makefile&quot;  VERBOSE=1 &quot;$file&quot;"/>
					<Clean command="/usr/bin/make -j4 -f &quot;/home/a1/work/rocksdb_dev2/ssdb-1.9.2/Makefile&quot;  VERBOSE=1 clean"/>
					<DistClean command="/usr/bin/make -j4 -f &quot;/home/a1/work/rocksdb_dev2/ssdb-1.9.2/Makefile&quot;  VERBOSE=1 clean"/>
				</MakeCommands>
			</Target>
			<Target title="libssdb-client-shared/fast">
				<Option output="/home/a1/work/rocksdb_dev2/ssdb-1.9.2/libssdb-client.so" prefix_auto="0" extension_auto="0"/>
				<Option working_dir="/home/a1/work/rocksdb_dev2/ssdb-1.9.2"/>
				<Option object_output="./"/>
				<Option type="3"/>
				<Option compiler="gcc"/>
				<Compiler>
					<Add directory="/home/a1/work/rocksdb_dev2/ssdb-1.9.2/deps/jemalloc-4.1.0/include"/>
					<Add directory="/home/a1/work/rocksdb_dev2/ssdb-1.9.2/src"/>
					<Add directory="/home/a1/work/rocksdb_dev2/ssdb-1.9.2/src/client"/>
					<Add directory="/home/a1/work/rocksdb_dev2/ssdb-1.9.2/deps/rocksdb-4.11.2/include"/>
					<Add directory="/usr/include/c++/4.8"/>
					<Add directory="/usr/include/x86_64-linux-gnu/c++/4.8"/>
					<Add directory="/usr/include/c++/4.8/backward"/>
					<Add directory="/usr/lib/gcc/x86_64-linux-gnu/4.8/include"/>
					<Add directory="/usr/local/include"/>
					<Add directory="/usr/lib/gcc/x86_64-linux-gnu/4.8/include-fixed"/>
					<Add directory="/usr/include/x86_64-linux-gnu"/>
					<Add directory="/usr/include"/>
				</Compiler>
				<MakeCommands>
					<Build command="/usr/bin/make -j4 -f &quot;/home/a1/work/rocksdb_dev2/ssdb-1.9.2/Makefile&quot;  VERBOSE=1 libssdb-client-shared/fast"/>
					<CompileFile command="/usr/bin/make -j4 -f &quot;/home/a1/work/rocksdb_dev2/ssdb-1.9.2/Makefile&quot;  VERBOSE=1 &quot;$file&quot;"/>
					<Clean command="/usr/bin/make -j4 -f &quot;/home/a1/work/rocksdb_dev2/ssdb-1.9.2/Makefile&quot;  VERBOSE=1 clean"/>
					<DistClean command="/usr/bin/make -j4 -f &quot;/home/a1/work/rocksdb_dev2/ssdb-1.9.2/Makefile&quot;  VERBOSE=1 clean"/>
				</MakeCommands>
			</Target>
			<Target title="libcodec-static">
				<Option output="/home/a1/work/rocksdb_dev2/ssdb-1.9.2/libcodec.a" prefix_auto="0" extension_auto="0"/>
				<Option working_dir="/home/a1/work/rocksdb_dev2/ssdb-1.9.2"/>
				<Option object_output="./"/>
				<Option type="2"/>
				<Option compiler="gcc"/>
				<Compiler>
					<Add directory="/home/a1/work/rocksdb_dev2/ssdb-1.9.2/deps/jemalloc-4.1.0/include"/>
					<Add directory="/home/a1/work/rocksdb_dev2/ssdb-1.9.2/src"/>
					<Add directory="/home/a1/work/rocksdb_dev2/ssdb-1.9.2/src/client"/>
					<Add directory="/home/a1/work/rocksdb_dev2/ssdb-1.9.2/deps/rocksdb-4.11.2/include"/>
					<Add directory="/usr/include/c++/4.8"/>
					<Add directory="/usr/include/x86_64-linux-gnu/c++/4.8"/>
					<Add directory="/usr/include/c++/4.8/backward"/>
					<Add directory="/usr/lib/gcc/x86_64-linux-gnu/4.8/include"/>
					<Add directory="/usr/local/include"/>
					<Add directory="/usr/lib/gcc/x86_64-linux-gnu/4.8/include-fixed"/>
					<Add directory="/usr/include/x86_64-linux-gnu"/>
					<Add directory="/usr/include"/>
				</Compiler>
				<MakeCommands>
					<Build command="/usr/bin/make -j4 -f &quot;/home/a1/work/rocksdb_dev2/ssdb-1.9.2/Makefile&quot;  VERBOSE=1 libcodec-static"/>
					<CompileFile command="/usr/bin/make -j4 -f &quot;/home/a1/work/rocksdb_dev2/ssdb-1.9.2/Makefile&quot;  VERBOSE=1 &quot;$file&quot;"/>
					<Clean command="/usr/bin/make -j4 -f &quot;/home/a1/work/rocksdb_dev2/ssdb-1.9.2/Makefile&quot;  VERBOSE=1 clean"/>
					<DistClean command="/usr/bin/make -j4 -f &quot;/home/a1/work/rocksdb_dev2/ssdb-1.9.2/Makefile&quot;  VERBOSE=1 clean"/>
				</MakeCommands>
			</Target>
			<Target title="libcodec-static/fast">
				<Option output="/home/a1/work/rocksdb_dev2/ssdb-1.9.2/libcodec.a" prefix_auto="0" extension_auto="0"/>
				<Option working_dir="/home/a1/work/rocksdb_dev2/ssdb-1.9.2"/>
				<Option object_output="./"/>
				<Option type="2"/>
				<Option compiler="gcc"/>
				<Compiler>
					<Add directory="/home/a1/work/rocksdb_dev2/ssdb-1.9.2/deps/jemalloc-4.1.0/include"/>
					<Add directory="/home/a1/work/rocksdb_dev2/ssdb-1.9.2/src"/>
					<Add directory="/home/a1/work/rocksdb_dev2/ssdb-1.9.2/src/client"/>
					<Add directory="/home/a1/work/rocksdb_dev2/ssdb-1.9.2/deps/rocksdb-4.11.2/include"/>
					<Add directory="/usr/include/c++/4.8"/>
					<Add directory="/usr/include/x86_64-linux-gnu/c++/4.8"/>
					<Add directory="/usr/include/c++/4.8/backward"/>
					<Add directory="/usr/lib/gcc/x86_64-linux-gnu/4.8/include"/>
					<Add directory="/usr/local/include"/>
					<Add directory="/usr/lib/gcc/x86_64-linux-gnu/4.8/include-fixed"/>
					<Add directory="/usr/include/x86_64-linux-gnu"/>
					<Add directory="/usr/include"/>
				</Compiler>
				<MakeCommands>
					<Build command="/usr/bin/make -j4 -f &quot;/home/a1/work/rocksdb_dev2/ssdb-1.9.2/Makefile&quot;  VERBOSE=1 libcodec-static/fast"/>
					<CompileFile command="/usr/bin/make -j4 -f &quot;/home/a1/work/rocksdb_dev2/ssdb-1.9.2/Makefile&quot;  VERBOSE=1 &quot;$file&quot;"/>
					<Clean command="/usr/bin/make -j4 -f &quot;/home/a1/work/rocksdb_dev2/ssdb-1.9.2/Makefile&quot;  VERBOSE=1 clean"/>
					<DistClean command="/usr/bin/make -j4 -f &quot;/home/a1/work/rocksdb_dev2/ssdb-1.9.2/Makefile&quot;  VERBOSE=1 clean"/>
				</MakeCommands>
			</Target>
			<Target title="libcodec-shared">
				<Option output="/home/a1/work/rocksdb_dev2/ssdb-1.9.2/libcodec.so" prefix_auto="0" extension_auto="0"/>
				<Option working_dir="/home/a1/work/rocksdb_dev2/ssdb-1.9.2"/>
				<Option object_output="./"/>
				<Option type="3"/>
				<Option compiler="gcc"/>
				<Compiler>
					<Add directory="/home/a1/work/rocksdb_dev2/ssdb-1.9.2/deps/jemalloc-4.1.0/include"/>
					<Add directory="/home/a1/work/rocksdb_dev2/ssdb-1.9.2/src"/>
					<Add directory="/home/a1/work/rocksdb_dev2/ssdb-1.9.2/src/client"/>
					<Add directory="/home/a1/work/rocksdb_dev2/ssdb-1.9.2/deps/rocksdb-4.11.2/include"/>
					<Add directory="/usr/include/c++/4.8"/>
					<Add directory="/usr/include/x86_64-linux-gnu/c++/4.8"/>
					<Add directory="/usr/include/c++/4.8/backward"/>
					<Add directory="/usr/lib/gcc/x86_64-linux-gnu/4.8/include"/>
					<Add directory="/usr/local/include"/>
					<Add directory="/usr/lib/gcc/x86_64-linux-gnu/4.8/include-fixed"/>
					<Add directory="/usr/include/x86_64-linux-gnu"/>
					<Add directory="/usr/include"/>
				</Compiler>
				<MakeCommands>
					<Build command="/usr/bin/make -j4 -f &quot;/home/a1/work/rocksdb_dev2/ssdb-1.9.2/Makefile&quot;  VERBOSE=1 libcodec-shared"/>
					<CompileFile command="/usr/bin/make -j4 -f &quot;/home/a1/work/rocksdb_dev2/ssdb-1.9.2/Makefile&quot;  VERBOSE=1 &quot;$file&quot;"/>
					<Clean command="/usr/bin/make -j4 -f &quot;/home/a1/work/rocksdb_dev2/ssdb-1.9.2/Makefile&quot;  VERBOSE=1 clean"/>
					<DistClean command="/usr/bin/make -j4 -f &quot;/home/a1/work/rocksdb_dev2/ssdb-1.9.2/Makefile&quot;  VERBOSE=1 clean"/>
				</MakeCommands>
			</Target>
			<Target title="libcodec-shared/fast">
				<Option output="/home/a1/work/rocksdb_dev2/ssdb-1.9.2/libcodec.so" prefix_auto="0" extension_auto="0"/>
				<Option working_dir="/home/a1/work/rocksdb_dev2/ssdb-1.9.2"/>
				<Option object_output="./"/>
				<Option type="3"/>
				<Option compiler="gcc"/>
				<Compiler>
					<Add directory="/home/a1/work/rocksdb_dev2/ssdb-1.9.2/deps/jemalloc-4.1.0/include"/>
					<Add directory="/home/a1/work/rocksdb_dev2/ssdb-1.9.2/src"/>
					<Add directory="/home/a1/work/rocksdb_dev2/ssdb-1.9.2/src/client"/>
					<Add directory="/home/a1/work/rocksdb_dev2/ssdb-1.9.2/deps/rocksdb-4.11.2/include"/>
					<Add directory="/usr/include/c++/4.8"/>
					<Add directory="/usr/include/x86_64-linux-gnu/c++/4.8"/>
					<Add directory="/usr/include/c++/4.8/backward"/>
					<Add directory="/usr/lib/gcc/x86_64-linux-gnu/4.8/include"/>
					<Add directory="/usr/local/include"/>
					<Add directory="/usr/lib/gcc/x86_64-linux-gnu/4.8/include-fixed"/>
					<Add directory="/usr/include/x86_64-linux-gnu"/>
					<Add directory="/usr/include"/>
				</Compiler>
				<MakeCommands>
					<Build command="/usr/bin/make -j4 -f &quot;/home/a1/work/rocksdb_dev2/ssdb-1.9.2/Makefile&quot;  VERBOSE=1 libcodec-shared/fast"/>
					<CompileFile command="/usr/bin/make -j4 -f &quot;/home/a1/work/rocksdb_dev2/ssdb-1.9.2/Makefile&quot;  VERBOSE=1 &quot;$file&quot;"/>
					<Clean command="/usr/bin/make -j4 -f &quot;/home/a1/work/rocksdb_dev2/ssdb-1.9.2/Makefile&quot;  VERBOSE=1 clean"/>
					<DistClean command="/usr/bin/make -j4 -f &quot;/home/a1/work/rocksdb_dev2/ssdb-1.9.2/Makefile&quot;  VERBOSE=1 clean"/>
				</MakeCommands>
			</Target>
			<Target title="libnet-static">
				<Option output="/home/a1/work/rocksdb_dev2/ssdb-1.9.2/libnet.a" prefix_auto="0" extension_auto="0"/>
				<Option working_dir="/home/a1/work/rocksdb_dev2/ssdb-1.9.2"/>
				<Option object_output="./"/>
				<Option type="2"/>
				<Option compiler="gcc"/>
				<Compiler>
					<Add directory="/home/a1/work/rocksdb_dev2/ssdb-1.9.2/deps/jemalloc-4.1.0/include"/>
					<Add directory="/home/a1/work/rocksdb_dev2/ssdb-1.9.2/src"/>
					<Add directory="/home/a1/work/rocksdb_dev2/ssdb-1.9.2/src/client"/>
					<Add directory="/home/a1/work/rocksdb_dev2/ssdb-1.9.2/deps/rocksdb-4.11.2/include"/>
					<Add directory="/usr/include/c++/4.8"/>
					<Add directory="/usr/include/x86_64-linux-gnu/c++/4.8"/>
					<Add directory="/usr/include/c++/4.8/backward"/>
					<Add directory="/usr/lib/gcc/x86_64-linux-gnu/4.8/include"/>
					<Add directory="/usr/local/include"/>
					<Add directory="/usr/lib/gcc/x86_64-linux-gnu/4.8/include-fixed"/>
					<Add directory="/usr/include/x86_64-linux-gnu"/>
					<Add directory="/usr/include"/>
				</Compiler>
				<MakeCommands>
					<Build command="/usr/bin/make -j4 -f &quot;/home/a1/work/rocksdb_dev2/ssdb-1.9.2/Makefile&quot;  VERBOSE=1 libnet-static"/>
					<CompileFile command="/usr/bin/make -j4 -f &quot;/home/a1/work/rocksdb_dev2/ssdb-1.9.2/Makefile&quot;  VERBOSE=1 &quot;$file&quot;"/>
					<Clean command="/usr/bin/make -j4 -f &quot;/home/a1/work/rocksdb_dev2/ssdb-1.9.2/Makefile&quot;  VERBOSE=1 clean"/>
					<DistClean command="/usr/bin/make -j4 -f &quot;/home/a1/work/rocksdb_dev2/ssdb-1.9.2/Makefile&quot;  VERBOSE=1 clean"/>
				</MakeCommands>
			</Target>
			<Target title="libnet-static/fast">
				<Option output="/home/a1/work/rocksdb_dev2/ssdb-1.9.2/libnet.a" prefix_auto="0" extension_auto="0"/>
				<Option working_dir="/home/a1/work/rocksdb_dev2/ssdb-1.9.2"/>
				<Option object_output="./"/>
				<Option type="2"/>
				<Option compiler="gcc"/>
				<Compiler>
					<Add directory="/home/a1/work/rocksdb_dev2/ssdb-1.9.2/deps/jemalloc-4.1.0/include"/>
					<Add directory="/home/a1/work/rocksdb_dev2/ssdb-1.9.2/src"/>
					<Add directory="/home/a1/work/rocksdb_dev2/ssdb-1.9.2/src/client"/>
					<Add directory="/home/a1/work/rocksdb_dev2/ssdb-1.9.2/deps/rocksdb-4.11.2/include"/>
					<Add directory="/usr/include/c++/4.8"/>
					<Add directory="/usr/include/x86_64-linux-gnu/c++/4.8"/>
					<Add directory="/usr/include/c++/4.8/backward"/>
					<Add directory="/usr/lib/gcc/x86_64-linux-gnu/4.8/include"/>
					<Add directory="/usr/local/include"/>
					<Add directory="/usr/lib/gcc/x86_64-linux-gnu/4.8/include-fixed"/>
					<Add directory="/usr/include/x86_64-linux-gnu"/>
					<Add directory="/usr/include"/>
				</Compiler>
				<MakeCommands>
					<Build command="/usr/bin/make -j4 -f &quot;/home/a1/work/rocksdb_dev2/ssdb-1.9.2/Makefile&quot;  VERBOSE=1 libnet-static/fast"/>
					<CompileFile command="/usr/bin/make -j4 -f &quot;/home/a1/work/rocksdb_dev2/ssdb-1.9.2/Makefile&quot;  VERBOSE=1 &quot;$file&quot;"/>
					<Clean command="/usr/bin/make -j4 -f &quot;/home/a1/work/rocksdb_dev2/ssdb-1.9.2/Makefile&quot;  VERBOSE=1 clean"/>
					<DistClean command="/usr/bin/make -j4 -f &quot;/home/a1/work/rocksdb_dev2/ssdb-1.9.2/Makefile&quot;  VERBOSE=1 clean"/>
				</MakeCommands>
			</Target>
		</Build>
		<Unit filename="/home/a1/work/rocksdb_dev2/ssdb-1.9.2/deps/jemalloc-4.1.0/lib">
			<Option target="libjemalloc-static"/>
		</Unit>
		<Unit filename="/home/a1/work/rocksdb_dev2/ssdb-1.9.2/deps/rocksdb-4.11.2">
			<Option target="librocksdb-static"/>
		</Unit>
		<Unit filename="/home/a1/work/rocksdb_dev2/ssdb-1.9.2/deps/snappy-1.1.0/.libs">
			<Option target="libsnappy-static"/>
		</Unit>
		<Unit filename="/home/a1/work/rocksdb_dev2/ssdb-1.9.2/src/backend_dump.cpp">
			<Option target="ssdb-server"/>
		</Unit>
		<Unit filename="/home/a1/work/rocksdb_dev2/ssdb-1.9.2/src/backend_dump.h">
			<Option target="ssdb-server"/>
		</Unit>
		<Unit filename="/home/a1/work/rocksdb_dev2/ssdb-1.9.2/src/bproc_data.cpp">
			<Option target="ssdb-server"/>
		</Unit>
		<Unit filename="/home/a1/work/rocksdb_dev2/ssdb-1.9.2/src/client/SSDB_impl.cpp">
			<Option target="ssdb-server"/>
			<Option target="libssdb-client-static"/>
			<Option target="libssdb-client-shared"/>
		</Unit>
		<Unit filename="/home/a1/work/rocksdb_dev2/ssdb-1.9.2/src/client/SSDB_impl.h">
			<Option target="ssdb-server"/>
			<Option target="libssdb-client-static"/>
			<Option target="libssdb-client-shared"/>
		</Unit>
		<Unit filename="/home/a1/work/rocksdb_dev2/ssdb-1.9.2/src/client/hello-ssdb.cpp">
			<Option target="libssdb-client-static"/>
			<Option target="libssdb-client-shared"/>
		</Unit>
		<Unit filename="/home/a1/work/rocksdb_dev2/ssdb-1.9.2/src/codec/decode.cpp">
			<Option target="libcodec-static"/>
			<Option target="libcodec-shared"/>
		</Unit>
		<Unit filename="/home/a1/work/rocksdb_dev2/ssdb-1.9.2/src/codec/decode.h">
			<Option target="libcodec-static"/>
			<Option target="libcodec-shared"/>
		</Unit>
		<Unit filename="/home/a1/work/rocksdb_dev2/ssdb-1.9.2/src/codec/encode.cpp">
			<Option target="libcodec-static"/>
			<Option target="libcodec-shared"/>
		</Unit>
		<Unit filename="/home/a1/work/rocksdb_dev2/ssdb-1.9.2/src/codec/encode.h">
			<Option target="libcodec-static"/>
			<Option target="libcodec-shared"/>
		</Unit>
		<Unit filename="/home/a1/work/rocksdb_dev2/ssdb-1.9.2/src/codec/util.cpp">
			<Option target="libcodec-static"/>
			<Option target="libcodec-shared"/>
		</Unit>
		<Unit filename="/home/a1/work/rocksdb_dev2/ssdb-1.9.2/src/codec/util.h">
			<Option target="libcodec-static"/>
			<Option target="libcodec-shared"/>
		</Unit>
		<Unit filename="/home/a1/work/rocksdb_dev2/ssdb-1.9.2/src/net/fde.cpp">
			<Option target="libnet-shared"/>
			<Option target="libnet-static"/>
		</Unit>
		<Unit filename="/home/a1/work/rocksdb_dev2/ssdb-1.9.2/src/net/fde.h">
			<Option target="libnet-shared"/>
			<Option target="libnet-static"/>
		</Unit>
		<Unit filename="/home/a1/work/rocksdb_dev2/ssdb-1.9.2/src/net/link.cpp">
			<Option target="libssdb-client-static"/>
			<Option target="libnet-shared"/>
			<Option target="libssdb-client-shared"/>
			<Option target="libnet-static"/>
		</Unit>
		<Unit filename="/home/a1/work/rocksdb_dev2/ssdb-1.9.2/src/net/link.h">
			<Option target="libssdb-client-static"/>
			<Option target="libnet-shared"/>
			<Option target="libssdb-client-shared"/>
			<Option target="libnet-static"/>
		</Unit>
		<Unit filename="/home/a1/work/rocksdb_dev2/ssdb-1.9.2/src/net/proc.cpp">
			<Option target="libnet-shared"/>
			<Option target="libnet-static"/>
		</Unit>
		<Unit filename="/home/a1/work/rocksdb_dev2/ssdb-1.9.2/src/net/proc.h">
			<Option target="libnet-shared"/>
			<Option target="libnet-static"/>
		</Unit>
		<Unit filename="/home/a1/work/rocksdb_dev2/ssdb-1.9.2/src/net/redis/redis_client.cpp">
			<Option target="libnet-shared"/>
			<Option target="libnet-static"/>
		</Unit>
		<Unit filename="/home/a1/work/rocksdb_dev2/ssdb-1.9.2/src/net/redis/redis_client.h">
			<Option target="libnet-shared"/>
			<Option target="libnet-static"/>
		</Unit>
		<Unit filename="/home/a1/work/rocksdb_dev2/ssdb-1.9.2/src/net/redis/redis_stream.cpp">
			<Option target="libnet-shared"/>
			<Option target="libnet-static"/>
		</Unit>
		<Unit filename="/home/a1/work/rocksdb_dev2/ssdb-1.9.2/src/net/redis/redis_stream.h">
			<Option target="libnet-shared"/>
			<Option target="libnet-static"/>
		</Unit>
		<Unit filename="/home/a1/work/rocksdb_dev2/ssdb-1.9.2/src/net/redis/transfer.cpp">
			<Option target="libnet-shared"/>
			<Option target="libnet-static"/>
		</Unit>
		<Unit filename="/home/a1/work/rocksdb_dev2/ssdb-1.9.2/src/net/redis/transfer.h">
			<Option target="libnet-shared"/>
			<Option target="libnet-static"/>
		</Unit>
		<Unit filename="/home/a1/work/rocksdb_dev2/ssdb-1.9.2/src/net/resp.cpp">
			<Option target="libnet-shared"/>
			<Option target="libnet-static"/>
		</Unit>
		<Unit filename="/home/a1/work/rocksdb_dev2/ssdb-1.9.2/src/net/resp.h">
			<Option target="libnet-shared"/>
			<Option target="libnet-static"/>
		</Unit>
		<Unit filename="/home/a1/work/rocksdb_dev2/ssdb-1.9.2/src/net/server.cpp">
			<Option target="libnet-shared"/>
			<Option target="libnet-static"/>
		</Unit>
		<Unit filename="/home/a1/work/rocksdb_dev2/ssdb-1.9.2/src/net/server.h">
			<Option target="libnet-shared"/>
			<Option target="libnet-static"/>
		</Unit>
		<Unit filename="/home/a1/work/rocksdb_dev2/ssdb-1.9.2/src/net/test_link.cpp">
			<Option target="test_link"/>
		</Unit>
		<Unit filename="/home/a1/work/rocksdb_dev2/ssdb-1.9.2/src/net/worker.cpp">
			<Option target="libnet-shared"/>
			<Option target="libnet-static"/>
		</Unit>
		<Unit filename="/home/a1/work/rocksdb_dev2/ssdb-1.9.2/src/net/worker.h">
			<Option target="libnet-shared"/>
			<Option target="libnet-static"/>
		</Unit>
		<Unit filename="/home/a1/work/rocksdb_dev2/ssdb-1.9.2/src/proc_hash.cpp">
			<Option target="ssdb-server"/>
		</Unit>
		<Unit filename="/home/a1/work/rocksdb_dev2/ssdb-1.9.2/src/proc_kv.cpp">
			<Option target="ssdb-server"/>
		</Unit>
		<Unit filename="/home/a1/work/rocksdb_dev2/ssdb-1.9.2/src/proc_queue.cpp">
			<Option target="ssdb-server"/>
		</Unit>
		<Unit filename="/home/a1/work/rocksdb_dev2/ssdb-1.9.2/src/proc_set.cpp">
			<Option target="ssdb-server"/>
		</Unit>
		<Unit filename="/home/a1/work/rocksdb_dev2/ssdb-1.9.2/src/proc_zset.cpp">
			<Option target="ssdb-server"/>
		</Unit>
		<Unit filename="/home/a1/work/rocksdb_dev2/ssdb-1.9.2/src/redis/crc/crc64speed.c">
			<Option target="librdb-shared"/>
			<Option target="librdb-static"/>
		</Unit>
		<Unit filename="/home/a1/work/rocksdb_dev2/ssdb-1.9.2/src/redis/crc/crc64speed.h">
			<Option target="librdb-shared"/>
			<Option target="librdb-static"/>
		</Unit>
		<Unit filename="/home/a1/work/rocksdb_dev2/ssdb-1.9.2/src/redis/crc/crcspeed.c">
			<Option target="librdb-shared"/>
			<Option target="librdb-static"/>
		</Unit>
		<Unit filename="/home/a1/work/rocksdb_dev2/ssdb-1.9.2/src/redis/crc/crcspeed.h">
			<Option target="librdb-shared"/>
			<Option target="librdb-static"/>
		</Unit>
		<Unit filename="/home/a1/work/rocksdb_dev2/ssdb-1.9.2/src/redis/endianconv.c">
			<Option target="librdb-shared"/>
			<Option target="librdb-static"/>
		</Unit>
		<Unit filename="/home/a1/work/rocksdb_dev2/ssdb-1.9.2/src/redis/endianconv.h">
			<Option target="librdb-shared"/>
			<Option target="librdb-static"/>
		</Unit>
		<Unit filename="/home/a1/work/rocksdb_dev2/ssdb-1.9.2/src/redis/intset.c">
			<Option target="librdb-shared"/>
			<Option target="librdb-static"/>
		</Unit>
		<Unit filename="/home/a1/work/rocksdb_dev2/ssdb-1.9.2/src/redis/intset.h">
			<Option target="librdb-shared"/>
			<Option target="librdb-static"/>
		</Unit>
		<Unit filename="/home/a1/work/rocksdb_dev2/ssdb-1.9.2/src/redis/lzf_c.c">
			<Option target="librdb-shared"/>
			<Option target="librdb-static"/>
		</Unit>
		<Unit filename="/home/a1/work/rocksdb_dev2/ssdb-1.9.2/src/redis/lzf_d.c">
			<Option target="librdb-shared"/>
			<Option target="librdb-static"/>
		</Unit>
		<Unit filename="/home/a1/work/rocksdb_dev2/ssdb-1.9.2/src/redis/rdb_decoder.cpp">
			<Option target="librdb-shared"/>
			<Option target="librdb-static"/>
		</Unit>
		<Unit filename="/home/a1/work/rocksdb_dev2/ssdb-1.9.2/src/redis/rdb_decoder.h">
			<Option target="librdb-shared"/>
			<Option target="librdb-static"/>
		</Unit>
		<Unit filename="/home/a1/work/rocksdb_dev2/ssdb-1.9.2/src/redis/rdb_encoder.cpp">
			<Option target="librdb-shared"/>
			<Option target="librdb-static"/>
		</Unit>
		<Unit filename="/home/a1/work/rocksdb_dev2/ssdb-1.9.2/src/redis/rdb_encoder.h">
			<Option target="librdb-shared"/>
			<Option target="librdb-static"/>
		</Unit>
		<Unit filename="/home/a1/work/rocksdb_dev2/ssdb-1.9.2/src/redis/ziplist.c">
			<Option target="librdb-shared"/>
			<Option target="librdb-static"/>
		</Unit>
		<Unit filename="/home/a1/work/rocksdb_dev2/ssdb-1.9.2/src/redis/ziplist.h">
			<Option target="librdb-shared"/>
			<Option target="librdb-static"/>
		</Unit>
		<Unit filename="/home/a1/work/rocksdb_dev2/ssdb-1.9.2/src/redis/zmalloc.c">
			<Option target="librdb-shared"/>
			<Option target="librdb-static"/>
		</Unit>
		<Unit filename="/home/a1/work/rocksdb_dev2/ssdb-1.9.2/src/redis/zmalloc.h">
			<Option target="librdb-shared"/>
			<Option target="librdb-static"/>
		</Unit>
		<Unit filename="/home/a1/work/rocksdb_dev2/ssdb-1.9.2/src/serv.cpp">
			<Option target="ssdb-server"/>
		</Unit>
		<Unit filename="/home/a1/work/rocksdb_dev2/ssdb-1.9.2/src/serv.h">
			<Option target="ssdb-server"/>
		</Unit>
		<Unit filename="/home/a1/work/rocksdb_dev2/ssdb-1.9.2/src/ssdb-server.cpp">
			<Option target="ssdb-server"/>
		</Unit>
		<Unit filename="/home/a1/work/rocksdb_dev2/ssdb-1.9.2/src/ssdb/internal_error.cpp">
			<Option target="libssdb-static"/>
		</Unit>
		<Unit filename="/home/a1/work/rocksdb_dev2/ssdb-1.9.2/src/ssdb/internal_error.h">
			<Option target="libssdb-static"/>
		</Unit>
		<Unit filename="/home/a1/work/rocksdb_dev2/ssdb-1.9.2/src/ssdb/iterator.cpp">
			<Option target="libssdb-static"/>
		</Unit>
		<Unit filename="/home/a1/work/rocksdb_dev2/ssdb-1.9.2/src/ssdb/iterator.h">
			<Option target="libssdb-static"/>
		</Unit>
		<Unit filename="/home/a1/work/rocksdb_dev2/ssdb-1.9.2/src/ssdb/options.cpp">
			<Option target="libssdb-static"/>
		</Unit>
		<Unit filename="/home/a1/work/rocksdb_dev2/ssdb-1.9.2/src/ssdb/options.h">
			<Option target="libssdb-static"/>
		</Unit>
		<Unit filename="/home/a1/work/rocksdb_dev2/ssdb-1.9.2/src/ssdb/ssdb_impl.cpp">
			<Option target="libssdb-static"/>
		</Unit>
		<Unit filename="/home/a1/work/rocksdb_dev2/ssdb-1.9.2/src/ssdb/ssdb_impl.h">
			<Option target="libssdb-static"/>
		</Unit>
		<Unit filename="/home/a1/work/rocksdb_dev2/ssdb-1.9.2/src/ssdb/t_cursor.cpp">
			<Option target="libssdb-static"/>
		</Unit>
		<Unit filename="/home/a1/work/rocksdb_dev2/ssdb-1.9.2/src/ssdb/t_cursor.h">
			<Option target="libssdb-static"/>
		</Unit>
		<Unit filename="/home/a1/work/rocksdb_dev2/ssdb-1.9.2/src/ssdb/t_eset.cpp">
			<Option target="libssdb-static"/>
		</Unit>
		<Unit filename="/home/a1/work/rocksdb_dev2/ssdb-1.9.2/src/ssdb/t_hash.cpp">
			<Option target="libssdb-static"/>
		</Unit>
		<Unit filename="/home/a1/work/rocksdb_dev2/ssdb-1.9.2/src/ssdb/t_hash.h">
			<Option target="libssdb-static"/>
		</Unit>
		<Unit filename="/home/a1/work/rocksdb_dev2/ssdb-1.9.2/src/ssdb/t_kv.cpp">
			<Option target="libssdb-static"/>
		</Unit>
		<Unit filename="/home/a1/work/rocksdb_dev2/ssdb-1.9.2/src/ssdb/t_list.cpp">
			<Option target="libssdb-static"/>
		</Unit>
		<Unit filename="/home/a1/work/rocksdb_dev2/ssdb-1.9.2/src/ssdb/t_set.cpp">
			<Option target="libssdb-static"/>
		</Unit>
		<Unit filename="/home/a1/work/rocksdb_dev2/ssdb-1.9.2/src/ssdb/t_set.h">
			<Option target="libssdb-static"/>
		</Unit>
		<Unit filename="/home/a1/work/rocksdb_dev2/ssdb-1.9.2/src/ssdb/t_zset.cpp">
			<Option target="libssdb-static"/>
		</Unit>
		<Unit filename="/home/a1/work/rocksdb_dev2/ssdb-1.9.2/src/ssdb/t_zset.h">
			<Option target="libssdb-static"/>
		</Unit>
		<Unit filename="/home/a1/work/rocksdb_dev2/ssdb-1.9.2/src/ssdb/ttl.cpp">
			<Option target="libssdb-static"/>
		</Unit>
		<Unit filename="/home/a1/work/rocksdb_dev2/ssdb-1.9.2/src/ssdb/ttl.h">
			<Option target="libssdb-static"/>
		</Unit>
		<Unit filename="/home/a1/work/rocksdb_dev2/ssdb-1.9.2/src/util/app.cpp">
			<Option target="libutil-shared"/>
			<Option target="libutil-static"/>
		</Unit>
		<Unit filename="/home/a1/work/rocksdb_dev2/ssdb-1.9.2/src/util/app.h">
			<Option target="libutil-shared"/>
			<Option target="libutil-static"/>
		</Unit>
		<Unit filename="/home/a1/work/rocksdb_dev2/ssdb-1.9.2/src/util/bytes.cpp">
			<Option target="libutil-shared"/>
			<Option target="libutil-static"/>
			<Option target="libssdb-client-static"/>
			<Option target="libssdb-client-shared"/>
		</Unit>
		<Unit filename="/home/a1/work/rocksdb_dev2/ssdb-1.9.2/src/util/bytes.h">
			<Option target="libutil-shared"/>
			<Option target="libutil-static"/>
			<Option target="libssdb-client-static"/>
			<Option target="libssdb-client-shared"/>
		</Unit>
		<Unit filename="/home/a1/work/rocksdb_dev2/ssdb-1.9.2/src/util/config.cpp">
			<Option target="libutil-shared"/>
			<Option target="libutil-static"/>
		</Unit>
		<Unit filename="/home/a1/work/rocksdb_dev2/ssdb-1.9.2/src/util/config.h">
			<Option target="libutil-shared"/>
			<Option target="libutil-static"/>
		</Unit>
		<Unit filename="/home/a1/work/rocksdb_dev2/ssdb-1.9.2/src/util/log.cpp">
			<Option target="libutil-shared"/>
			<Option target="libutil-static"/>
		</Unit>
		<Unit filename="/home/a1/work/rocksdb_dev2/ssdb-1.9.2/src/util/log.h">
			<Option target="libutil-shared"/>
			<Option target="libutil-static"/>
		</Unit>
		<Unit filename="/home/a1/work/rocksdb_dev2/ssdb-1.9.2/CMakeLists.txt">
			<Option virtualFolder="CMake Files\"/>
		</Unit>
	</Project>
</CodeBlocks_project_file>
